// !$*UTF8*$!
{
	archiveVersion = 1;
	classes = {
	};
	objectVersion = 46;
	objects = {

/* Begin PBXBuildFile section */
		B52712581F658289001E7533 /* AppDelegate.swift in Sources */ = {isa = PBXBuildFile; fileRef = B527124C1F658289001E7533 /* AppDelegate.swift */; };
		B52712591F658289001E7533 /* Assets.xcassets in Resources */ = {isa = PBXBuildFile; fileRef = B527124D1F658289001E7533 /* Assets.xcassets */; };
		B527125D1F658289001E7533 /* LaunchScreen.storyboard in Resources */ = {isa = PBXBuildFile; fileRef = B52712541F658289001E7533 /* LaunchScreen.storyboard */; };
		B527125E1F658289001E7533 /* Tnews.xcdatamodeld in Sources */ = {isa = PBXBuildFile; fileRef = B52712561F658289001E7533 /* Tnews.xcdatamodeld */; };
		B52712621F658333001E7533 /* News.storyboard in Resources */ = {isa = PBXBuildFile; fileRef = B52712601F658333001E7533 /* News.storyboard */; };
		B52712671F65882F001E7533 /* NewsItem.swift in Sources */ = {isa = PBXBuildFile; fileRef = B52712661F65882F001E7533 /* NewsItem.swift */; };
		B52712771F659167001E7533 /* APIService.swift in Sources */ = {isa = PBXBuildFile; fileRef = B52712761F659167001E7533 /* APIService.swift */; };
		B52712791F659179001E7533 /* NewsService.swift in Sources */ = {isa = PBXBuildFile; fileRef = B52712781F659179001E7533 /* NewsService.swift */; };
		C05125241F66BE3800B412F6 /* Context.swift in Sources */ = {isa = PBXBuildFile; fileRef = C05125231F66BE3800B412F6 /* Context.swift */; };
		C051252D1F66C57300B412F6 /* APIRequestContext.swift in Sources */ = {isa = PBXBuildFile; fileRef = C051252B1F66C57300B412F6 /* APIRequestContext.swift */; };
		C051252E1F66C57300B412F6 /* APIRequestManager.swift in Sources */ = {isa = PBXBuildFile; fileRef = C051252C1F66C57300B412F6 /* APIRequestManager.swift */; };
		C05125331F66D24000B412F6 /* NewsListResponse.swift in Sources */ = {isa = PBXBuildFile; fileRef = C05125321F66D24000B412F6 /* NewsListResponse.swift */; };
		C051253B1F681C6A00B412F6 /* NewsItemTVC.swift in Sources */ = {isa = PBXBuildFile; fileRef = C05125361F681C6A00B412F6 /* NewsItemTVC.swift */; };
		C051253C1F681C6A00B412F6 /* NewsItemTVC.xib in Resources */ = {isa = PBXBuildFile; fileRef = C05125371F681C6A00B412F6 /* NewsItemTVC.xib */; };
		C051253D1F681C6A00B412F6 /* NewsItemVM.swift in Sources */ = {isa = PBXBuildFile; fileRef = C05125381F681C6A00B412F6 /* NewsItemVM.swift */; };
		C051253E1F681C6A00B412F6 /* NewsListVC.swift in Sources */ = {isa = PBXBuildFile; fileRef = C05125391F681C6A00B412F6 /* NewsListVC.swift */; };
		C051253F1F681C6A00B412F6 /* NewsListVM.swift in Sources */ = {isa = PBXBuildFile; fileRef = C051253A1F681C6A00B412F6 /* NewsListVM.swift */; };
		C05125421F681CAE00B412F6 /* NewsItemDetailsVC.swift in Sources */ = {isa = PBXBuildFile; fileRef = C05125411F681CAE00B412F6 /* NewsItemDetailsVC.swift */; };
		C05125441F681CC500B412F6 /* NewsItemDetailsVM.swift in Sources */ = {isa = PBXBuildFile; fileRef = C05125431F681CC500B412F6 /* NewsItemDetailsVM.swift */; };
		C05125461F6825EE00B412F6 /* NewsListVC+Router.swift in Sources */ = {isa = PBXBuildFile; fileRef = C05125451F6825EE00B412F6 /* NewsListVC+Router.swift */; };
/* End PBXBuildFile section */

/* Begin PBXFileReference section */
		B52712341F65802C001E7533 /* Tnews.app */ = {isa = PBXFileReference; explicitFileType = wrapper.application; includeInIndex = 0; path = Tnews.app; sourceTree = BUILT_PRODUCTS_DIR; };
		B527124C1F658289001E7533 /* AppDelegate.swift */ = {isa = PBXFileReference; fileEncoding = 4; lastKnownFileType = sourcecode.swift; path = AppDelegate.swift; sourceTree = "<group>"; };
		B527124D1F658289001E7533 /* Assets.xcassets */ = {isa = PBXFileReference; lastKnownFileType = folder.assetcatalog; path = Assets.xcassets; sourceTree = "<group>"; };
		B52712531F658289001E7533 /* Info.plist */ = {isa = PBXFileReference; fileEncoding = 4; lastKnownFileType = text.plist.xml; path = Info.plist; sourceTree = "<group>"; };
		B52712541F658289001E7533 /* LaunchScreen.storyboard */ = {isa = PBXFileReference; fileEncoding = 4; lastKnownFileType = file.storyboard; path = LaunchScreen.storyboard; sourceTree = "<group>"; };
		B52712571F658289001E7533 /* Tnews.xcdatamodel */ = {isa = PBXFileReference; lastKnownFileType = wrapper.xcdatamodel; path = Tnews.xcdatamodel; sourceTree = "<group>"; };
		B52712601F658333001E7533 /* News.storyboard */ = {isa = PBXFileReference; fileEncoding = 4; lastKnownFileType = file.storyboard; path = News.storyboard; sourceTree = "<group>"; };
		B52712661F65882F001E7533 /* NewsItem.swift */ = {isa = PBXFileReference; fileEncoding = 4; lastKnownFileType = sourcecode.swift; path = NewsItem.swift; sourceTree = "<group>"; };
		B52712761F659167001E7533 /* APIService.swift */ = {isa = PBXFileReference; fileEncoding = 4; lastKnownFileType = sourcecode.swift; path = APIService.swift; sourceTree = "<group>"; };
		B52712781F659179001E7533 /* NewsService.swift */ = {isa = PBXFileReference; fileEncoding = 4; lastKnownFileType = sourcecode.swift; path = NewsService.swift; sourceTree = "<group>"; };
		C05125231F66BE3800B412F6 /* Context.swift */ = {isa = PBXFileReference; fileEncoding = 4; lastKnownFileType = sourcecode.swift; path = Context.swift; sourceTree = "<group>"; };
		C051252B1F66C57300B412F6 /* APIRequestContext.swift */ = {isa = PBXFileReference; fileEncoding = 4; lastKnownFileType = sourcecode.swift; path = APIRequestContext.swift; sourceTree = "<group>"; };
		C051252C1F66C57300B412F6 /* APIRequestManager.swift */ = {isa = PBXFileReference; fileEncoding = 4; lastKnownFileType = sourcecode.swift; path = APIRequestManager.swift; sourceTree = "<group>"; };
		C05125321F66D24000B412F6 /* NewsListResponse.swift */ = {isa = PBXFileReference; fileEncoding = 4; lastKnownFileType = sourcecode.swift; path = NewsListResponse.swift; sourceTree = "<group>"; };
		C05125361F681C6A00B412F6 /* NewsItemTVC.swift */ = {isa = PBXFileReference; fileEncoding = 4; lastKnownFileType = sourcecode.swift; path = NewsItemTVC.swift; sourceTree = "<group>"; };
		C05125371F681C6A00B412F6 /* NewsItemTVC.xib */ = {isa = PBXFileReference; fileEncoding = 4; lastKnownFileType = file.xib; path = NewsItemTVC.xib; sourceTree = "<group>"; };
		C05125381F681C6A00B412F6 /* NewsItemVM.swift */ = {isa = PBXFileReference; fileEncoding = 4; lastKnownFileType = sourcecode.swift; path = NewsItemVM.swift; sourceTree = "<group>"; };
		C05125391F681C6A00B412F6 /* NewsListVC.swift */ = {isa = PBXFileReference; fileEncoding = 4; lastKnownFileType = sourcecode.swift; path = NewsListVC.swift; sourceTree = "<group>"; };
		C051253A1F681C6A00B412F6 /* NewsListVM.swift */ = {isa = PBXFileReference; fileEncoding = 4; lastKnownFileType = sourcecode.swift; path = NewsListVM.swift; sourceTree = "<group>"; };
		C05125411F681CAE00B412F6 /* NewsItemDetailsVC.swift */ = {isa = PBXFileReference; fileEncoding = 4; lastKnownFileType = sourcecode.swift; path = NewsItemDetailsVC.swift; sourceTree = "<group>"; };
		C05125431F681CC500B412F6 /* NewsItemDetailsVM.swift */ = {isa = PBXFileReference; fileEncoding = 4; lastKnownFileType = sourcecode.swift; path = NewsItemDetailsVM.swift; sourceTree = "<group>"; };
		C05125451F6825EE00B412F6 /* NewsListVC+Router.swift */ = {isa = PBXFileReference; fileEncoding = 4; lastKnownFileType = sourcecode.swift; path = "NewsListVC+Router.swift"; sourceTree = "<group>"; };
/* End PBXFileReference section */

/* Begin PBXFrameworksBuildPhase section */
		B52712311F65802C001E7533 /* Frameworks */ = {
			isa = PBXFrameworksBuildPhase;
			buildActionMask = 2147483647;
			files = (
			);
			runOnlyForDeploymentPostprocessing = 0;
		};
/* End PBXFrameworksBuildPhase section */

/* Begin PBXGroup section */
		B527122B1F65802C001E7533 = {
			isa = PBXGroup;
			children = (
				B52712361F65802C001E7533 /* Tnews */,
				B52712351F65802C001E7533 /* Products */,
			);
			sourceTree = "<group>";
		};
		B52712351F65802C001E7533 /* Products */ = {
			isa = PBXGroup;
			children = (
				B52712341F65802C001E7533 /* Tnews.app */,
			);
			name = Products;
			sourceTree = "<group>";
		};
		B52712361F65802C001E7533 /* Tnews */ = {
			isa = PBXGroup;
			children = (
				B527124C1F658289001E7533 /* AppDelegate.swift */,
				B527124D1F658289001E7533 /* Assets.xcassets */,
				B527124E1F658289001E7533 /* Models */,
				B527124F1F658289001E7533 /* Modules */,
				B52712521F658289001E7533 /* Resources */,
				B52712551F658289001E7533 /* Services */,
				B52712561F658289001E7533 /* Tnews.xcdatamodeld */,
			);
			path = Tnews;
			sourceTree = "<group>";
		};
		B527124E1F658289001E7533 /* Models */ = {
			isa = PBXGroup;
			children = (
				B52712661F65882F001E7533 /* NewsItem.swift */,
			);
			path = Models;
			sourceTree = "<group>";
		};
		B527124F1F658289001E7533 /* Modules */ = {
			isa = PBXGroup;
			children = (
				B527125F1F658333001E7533 /* News */,
			);
			path = Modules;
			sourceTree = "<group>";
		};
		B52712521F658289001E7533 /* Resources */ = {
			isa = PBXGroup;
			children = (
				B52712531F658289001E7533 /* Info.plist */,
				B52712541F658289001E7533 /* LaunchScreen.storyboard */,
			);
			path = Resources;
			sourceTree = "<group>";
		};
		B52712551F658289001E7533 /* Services */ = {
			isa = PBXGroup;
			children = (
				B527126F1F6590F8001E7533 /* APIService */,
				B52712751F659152001E7533 /* NewsService */,
				C05125231F66BE3800B412F6 /* Context.swift */,
			);
			path = Services;
			sourceTree = "<group>";
		};
		B527125F1F658333001E7533 /* News */ = {
			isa = PBXGroup;
			children = (
				C05125341F681C6A00B412F6 /* NewsList */,
				C05125401F681C8800B412F6 /* NewsItemDetails */,
				B52712601F658333001E7533 /* News.storyboard */,
			);
			path = News;
			sourceTree = "<group>";
		};
		B527126F1F6590F8001E7533 /* APIService */ = {
			isa = PBXGroup;
			children = (
				C051252A1F66C57300B412F6 /* Core */,
				C05125311F66D22A00B412F6 /* Responses */,
				B52712761F659167001E7533 /* APIService.swift */,
			);
			path = APIService;
			sourceTree = "<group>";
		};
		B52712751F659152001E7533 /* NewsService */ = {
			isa = PBXGroup;
			children = (
				B52712781F659179001E7533 /* NewsService.swift */,
			);
			path = NewsService;
			sourceTree = "<group>";
		};
		C051252A1F66C57300B412F6 /* Core */ = {
			isa = PBXGroup;
			children = (
				C051252B1F66C57300B412F6 /* APIRequestContext.swift */,
				C051252C1F66C57300B412F6 /* APIRequestManager.swift */,
			);
			path = Core;
			sourceTree = "<group>";
		};
		C05125311F66D22A00B412F6 /* Responses */ = {
			isa = PBXGroup;
			children = (
				C05125321F66D24000B412F6 /* NewsListResponse.swift */,
			);
			name = Responses;
			path = Tnews/Services/Responses;
			sourceTree = SOURCE_ROOT;
		};
		C05125341F681C6A00B412F6 /* NewsList */ = {
			isa = PBXGroup;
			children = (
				C05125351F681C6A00B412F6 /* Cell */,
				C05125391F681C6A00B412F6 /* NewsListVC.swift */,
				C05125451F6825EE00B412F6 /* NewsListVC+Router.swift */,
				C051253A1F681C6A00B412F6 /* NewsListVM.swift */,
			);
			path = NewsList;
			sourceTree = "<group>";
		};
		C05125351F681C6A00B412F6 /* Cell */ = {
			isa = PBXGroup;
			children = (
				C05125361F681C6A00B412F6 /* NewsItemTVC.swift */,
				C05125371F681C6A00B412F6 /* NewsItemTVC.xib */,
				C05125381F681C6A00B412F6 /* NewsItemVM.swift */,
			);
			path = Cell;
			sourceTree = "<group>";
		};
		C05125401F681C8800B412F6 /* NewsItemDetails */ = {
			isa = PBXGroup;
			children = (
				C05125411F681CAE00B412F6 /* NewsItemDetailsVC.swift */,
				C05125431F681CC500B412F6 /* NewsItemDetailsVM.swift */,
			);
			path = NewsItemDetails;
			sourceTree = "<group>";
		};
/* End PBXGroup section */

/* Begin PBXNativeTarget section */
		B52712331F65802C001E7533 /* Tnews */ = {
			isa = PBXNativeTarget;
			buildConfigurationList = B52712491F65802C001E7533 /* Build configuration list for PBXNativeTarget "Tnews" */;
			buildPhases = (
				B52712301F65802C001E7533 /* Sources */,
				B52712311F65802C001E7533 /* Frameworks */,
				B52712321F65802C001E7533 /* Resources */,
			);
			buildRules = (
			);
			dependencies = (
			);
			name = Tnews;
			productName = Tnews;
			productReference = B52712341F65802C001E7533 /* Tnews.app */;
			productType = "com.apple.product-type.application";
		};
/* End PBXNativeTarget section */

/* Begin PBXProject section */
		B527122C1F65802C001E7533 /* Project object */ = {
			isa = PBXProject;
			attributes = {
				LastSwiftUpdateCheck = 0820;
				LastUpgradeCheck = 0820;
				ORGANIZATIONNAME = "Konstantin Mamaev";
				TargetAttributes = {
					B52712331F65802C001E7533 = {
						CreatedOnToolsVersion = 8.2.1;
						DevelopmentTeam = WL2U6TR99S;
						LastSwiftMigration = 0820;
						ProvisioningStyle = Automatic;
					};
				};
			};
			buildConfigurationList = B527122F1F65802C001E7533 /* Build configuration list for PBXProject "Tnews" */;
			compatibilityVersion = "Xcode 3.2";
			developmentRegion = English;
			hasScannedForEncodings = 0;
			knownRegions = (
				en,
				Base,
			);
			mainGroup = B527122B1F65802C001E7533;
			productRefGroup = B52712351F65802C001E7533 /* Products */;
			projectDirPath = "";
			projectRoot = "";
			targets = (
				B52712331F65802C001E7533 /* Tnews */,
			);
		};
/* End PBXProject section */

/* Begin PBXResourcesBuildPhase section */
		B52712321F65802C001E7533 /* Resources */ = {
			isa = PBXResourcesBuildPhase;
			buildActionMask = 2147483647;
			files = (
				B52712591F658289001E7533 /* Assets.xcassets in Resources */,
				C051253C1F681C6A00B412F6 /* NewsItemTVC.xib in Resources */,
				B527125D1F658289001E7533 /* LaunchScreen.storyboard in Resources */,
				B52712621F658333001E7533 /* News.storyboard in Resources */,
			);
			runOnlyForDeploymentPostprocessing = 0;
		};
/* End PBXResourcesBuildPhase section */

/* Begin PBXSourcesBuildPhase section */
		B52712301F65802C001E7533 /* Sources */ = {
			isa = PBXSourcesBuildPhase;
			buildActionMask = 2147483647;
			files = (
				C05125461F6825EE00B412F6 /* NewsListVC+Router.swift in Sources */,
				C051252E1F66C57300B412F6 /* APIRequestManager.swift in Sources */,
				B52712581F658289001E7533 /* AppDelegate.swift in Sources */,
				C051252D1F66C57300B412F6 /* APIRequestContext.swift in Sources */,
				C051253F1F681C6A00B412F6 /* NewsListVM.swift in Sources */,
				C05125441F681CC500B412F6 /* NewsItemDetailsVM.swift in Sources */,
				B52712671F65882F001E7533 /* NewsItem.swift in Sources */,
				C05125421F681CAE00B412F6 /* NewsItemDetailsVC.swift in Sources */,
				C05125241F66BE3800B412F6 /* Context.swift in Sources */,
				C051253E1F681C6A00B412F6 /* NewsListVC.swift in Sources */,
				B52712791F659179001E7533 /* NewsService.swift in Sources */,
				B527125E1F658289001E7533 /* Tnews.xcdatamodeld in Sources */,
				C051253D1F681C6A00B412F6 /* NewsItemVM.swift in Sources */,
				C05125331F66D24000B412F6 /* NewsListResponse.swift in Sources */,
				B52712771F659167001E7533 /* APIService.swift in Sources */,
				C051253B1F681C6A00B412F6 /* NewsItemTVC.swift in Sources */,
			);
			runOnlyForDeploymentPostprocessing = 0;
		};
/* End PBXSourcesBuildPhase section */

/* Begin XCBuildConfiguration section */
		B52712471F65802C001E7533 /* Debug */ = {
			isa = XCBuildConfiguration;
			buildSettings = {
				ALWAYS_SEARCH_USER_PATHS = NO;
				CLANG_ANALYZER_NONNULL = YES;
				CLANG_CXX_LANGUAGE_STANDARD = "gnu++0x";
				CLANG_CXX_LIBRARY = "libc++";
				CLANG_ENABLE_MODULES = YES;
				CLANG_ENABLE_OBJC_ARC = YES;
				CLANG_WARN_BOOL_CONVERSION = YES;
				CLANG_WARN_CONSTANT_CONVERSION = YES;
				CLANG_WARN_DIRECT_OBJC_ISA_USAGE = YES_ERROR;
				CLANG_WARN_DOCUMENTATION_COMMENTS = YES;
				CLANG_WARN_EMPTY_BODY = YES;
				CLANG_WARN_ENUM_CONVERSION = YES;
				CLANG_WARN_INFINITE_RECURSION = YES;
				CLANG_WARN_INT_CONVERSION = YES;
				CLANG_WARN_OBJC_ROOT_CLASS = YES_ERROR;
				CLANG_WARN_SUSPICIOUS_MOVE = YES;
				CLANG_WARN_UNREACHABLE_CODE = YES;
				CLANG_WARN__DUPLICATE_METHOD_MATCH = YES;
				"CODE_SIGN_IDENTITY[sdk=iphoneos*]" = "iPhone Developer";
				COPY_PHASE_STRIP = NO;
				DEBUG_INFORMATION_FORMAT = dwarf;
				ENABLE_STRICT_OBJC_MSGSEND = YES;
				ENABLE_TESTABILITY = YES;
				GCC_C_LANGUAGE_STANDARD = gnu99;
				GCC_DYNAMIC_NO_PIC = NO;
				GCC_NO_COMMON_BLOCKS = YES;
				GCC_OPTIMIZATION_LEVEL = 0;
				GCC_PREPROCESSOR_DEFINITIONS = (
					"DEBUG=1",
					"$(inherited)",
				);
				GCC_WARN_64_TO_32_BIT_CONVERSION = YES;
				GCC_WARN_ABOUT_RETURN_TYPE = YES_ERROR;
				GCC_WARN_UNDECLARED_SELECTOR = YES;
				GCC_WARN_UNINITIALIZED_AUTOS = YES_AGGRESSIVE;
				GCC_WARN_UNUSED_FUNCTION = YES;
				GCC_WARN_UNUSED_VARIABLE = YES;
				IPHONEOS_DEPLOYMENT_TARGET = 10.2;
				MTL_ENABLE_DEBUG_INFO = YES;
				ONLY_ACTIVE_ARCH = YES;
				SDKROOT = iphoneos;
				SWIFT_ACTIVE_COMPILATION_CONDITIONS = DEBUG;
				SWIFT_OPTIMIZATION_LEVEL = "-Onone";
			};
			name = Debug;
		};
		B52712481F65802C001E7533 /* Release */ = {
			isa = XCBuildConfiguration;
			buildSettings = {
				ALWAYS_SEARCH_USER_PATHS = NO;
				CLANG_ANALYZER_NONNULL = YES;
				CLANG_CXX_LANGUAGE_STANDARD = "gnu++0x";
				CLANG_CXX_LIBRARY = "libc++";
				CLANG_ENABLE_MODULES = YES;
				CLANG_ENABLE_OBJC_ARC = YES;
				CLANG_WARN_BOOL_CONVERSION = YES;
				CLANG_WARN_CONSTANT_CONVERSION = YES;
				CLANG_WARN_DIRECT_OBJC_ISA_USAGE = YES_ERROR;
				CLANG_WARN_DOCUMENTATION_COMMENTS = YES;
				CLANG_WARN_EMPTY_BODY = YES;
				CLANG_WARN_ENUM_CONVERSION = YES;
				CLANG_WARN_INFINITE_RECURSION = YES;
				CLANG_WARN_INT_CONVERSION = YES;
				CLANG_WARN_OBJC_ROOT_CLASS = YES_ERROR;
				CLANG_WARN_SUSPICIOUS_MOVE = YES;
				CLANG_WARN_UNREACHABLE_CODE = YES;
				CLANG_WARN__DUPLICATE_METHOD_MATCH = YES;
				"CODE_SIGN_IDENTITY[sdk=iphoneos*]" = "iPhone Developer";
				COPY_PHASE_STRIP = NO;
				DEBUG_INFORMATION_FORMAT = "dwarf-with-dsym";
				ENABLE_NS_ASSERTIONS = NO;
				ENABLE_STRICT_OBJC_MSGSEND = YES;
				GCC_C_LANGUAGE_STANDARD = gnu99;
				GCC_NO_COMMON_BLOCKS = YES;
				GCC_WARN_64_TO_32_BIT_CONVERSION = YES;
				GCC_WARN_ABOUT_RETURN_TYPE = YES_ERROR;
				GCC_WARN_UNDECLARED_SELECTOR = YES;
				GCC_WARN_UNINITIALIZED_AUTOS = YES_AGGRESSIVE;
				GCC_WARN_UNUSED_FUNCTION = YES;
				GCC_WARN_UNUSED_VARIABLE = YES;
				IPHONEOS_DEPLOYMENT_TARGET = 10.2;
				MTL_ENABLE_DEBUG_INFO = NO;
				SDKROOT = iphoneos;
				SWIFT_OPTIMIZATION_LEVEL = "-Owholemodule";
				VALIDATE_PRODUCT = YES;
			};
			name = Release;
		};
		B527124A1F65802C001E7533 /* Debug */ = {
			isa = XCBuildConfiguration;
			buildSettings = {
				ASSETCATALOG_COMPILER_APPICON_NAME = AppIcon;
				CLANG_ENABLE_MODULES = YES;
				DEVELOPMENT_TEAM = WL2U6TR99S;
				INFOPLIST_FILE = Tnews/Resources/Info.plist;
				IPHONEOS_DEPLOYMENT_TARGET = 10.0;
				LD_RUNPATH_SEARCH_PATHS = "$(inherited) @executable_path/Frameworks";
				PRODUCT_BUNDLE_IDENTIFIER = konstantin.mamaev.Tnews;
				PRODUCT_NAME = "$(TARGET_NAME)";
				SWIFT_OPTIMIZATION_LEVEL = "-Onone";
				SWIFT_VERSION = 3.0;
			};
			name = Debug;
		};
		B527124B1F65802C001E7533 /* Release */ = {
			isa = XCBuildConfiguration;
			buildSettings = {
				ASSETCATALOG_COMPILER_APPICON_NAME = AppIcon;
				CLANG_ENABLE_MODULES = YES;
				DEVELOPMENT_TEAM = WL2U6TR99S;
				INFOPLIST_FILE = Tnews/Resources/Info.plist;
				IPHONEOS_DEPLOYMENT_TARGET = 10.0;
				LD_RUNPATH_SEARCH_PATHS = "$(inherited) @executable_path/Frameworks";
				PRODUCT_BUNDLE_IDENTIFIER = konstantin.mamaev.Tnews;
				PRODUCT_NAME = "$(TARGET_NAME)";
				SWIFT_VERSION = 3.0;
			};
			name = Release;
		};
/* End XCBuildConfiguration section */

/* Begin XCConfigurationList section */
		B527122F1F65802C001E7533 /* Build configuration list for PBXProject "Tnews" */ = {
			isa = XCConfigurationList;
			buildConfigurations = (
				B52712471F65802C001E7533 /* Debug */,
				B52712481F65802C001E7533 /* Release */,
			);
			defaultConfigurationIsVisible = 0;
			defaultConfigurationName = Release;
		};
		B52712491F65802C001E7533 /* Build configuration list for PBXNativeTarget "Tnews" */ = {
			isa = XCConfigurationList;
			buildConfigurations = (
				B527124A1F65802C001E7533 /* Debug */,
				B527124B1F65802C001E7533 /* Release */,
			);
			defaultConfigurationIsVisible = 0;
			defaultConfigurationName = Release;
		};
/* End XCConfigurationList section */

/* Begin XCVersionGroup section */
		B52712561F658289001E7533 /* Tnews.xcdatamodeld */ = {
			isa = XCVersionGroup;
			children = (
				B52712571F658289001E7533 /* Tnews.xcdatamodel */,
			);
			currentVersion = B52712571F658289001E7533 /* Tnews.xcdatamodel */;
			path = Tnews.xcdatamodeld;
			sourceTree = "<group>";
			versionGroupType = wrapper.xcdatamodel;
		};
/* End XCVersionGroup section */
	};
	rootObject = B527122C1F65802C001E7533 /* Project object */;
}
